
Microsoft Visual Studio Solution File, Format Version 12.00
# Visual Studio Version 16
VisualStudioVersion = 16.0.29424.173
MinimumVisualStudioVersion = 10.0.40219.1
Project("{FAE04EC0-301F-11D3-BF4B-00C04F79EFBC}") = "Store.App", "src\Store.App\Store.App.csproj", "{753F0B53-DF08-4727-992A-B8C9B914ACD0}"
EndProject
Project("{FAE04EC0-301F-11D3-BF4B-00C04F79EFBC}") = "Store.Business", "src\Store.Business\Store.Business.csproj", "{3514B8A6-431B-4DF3-888D-CC1C42AA20E9}"
EndProject
Project("{FAE04EC0-301F-11D3-BF4B-00C04F79EFBC}") = "Store.Data", "src\Store.Data\Store.Data.csproj", "{F616DD21-BE23-4025-B7CE-85592776F70B}"
EndProject
Global
	GlobalSection(SolutionConfigurationPlatforms) = preSolution
		Debug|Any CPU = Debug|Any CPU
		Release|Any CPU = Release|Any CPU
	EndGlobalSection
	GlobalSection(ProjectConfigurationPlatforms) = postSolution
		{753F0B53-DF08-4727-992A-B8C9B914ACD0}.Debug|Any CPU.ActiveCfg = Debug|Any CPU
		{753F0B53-DF08-4727-992A-B8C9B914ACD0}.Debug|Any CPU.Build.0 = Debug|Any CPU
		{753F0B53-DF08-4727-992A-B8C9B914ACD0}.Release|Any CPU.ActiveCfg = Release|Any CPU
		{753F0B53-DF08-4727-992A-B8C9B914ACD0}.Release|Any CPU.Build.0 = Release|Any CPU
		{3514B8A6-431B-4DF3-888D-CC1C42AA20E9}.Debug|Any CPU.ActiveCfg = Debug|Any CPU
		{3514B8A6-431B-4DF3-888D-CC1C42AA20E9}.Debug|Any CPU.Build.0 = Debug|Any CPU
		{3514B8A6-431B-4DF3-888D-CC1C42AA20E9}.Release|Any CPU.ActiveCfg = Release|Any CPU
		{3514B8A6-431B-4DF3-888D-CC1C42AA20E9}.Release|Any CPU.Build.0 = Release|Any CPU
		{F616DD21-BE23-4025-B7CE-85592776F70B}.Debug|Any CPU.ActiveCfg = Debug|Any CPU
		{F616DD21-BE23-4025-B7CE-85592776F70B}.Debug|Any CPU.Build.0 = Debug|Any CPU
		{F616DD21-BE23-4025-B7CE-85592776F70B}.Release|Any CPU.ActiveCfg = Release|Any CPU
		{F616DD21-BE23-4025-B7CE-85592776F70B}.Release|Any CPU.Build.0 = Release|Any CPU
	EndGlobalSection
	GlobalSection(SolutionProperties) = preSolution
		HideSolutionNode = FALSE
	EndGlobalSection
	GlobalSection(ExtensibilityGlobals) = postSolution
		SolutionGuid = {577F96EC-F906-48CA-973F-5DDCC443A51E}
	EndGlobalSection
EndGlobal
